// !$*UTF8*$!
{
	archiveVersion = 1;
	classes = {
	};
	objectVersion = 77;
	objects = {

/* Begin PBXBuildFile section */
		83AFE8F72DE7CE6A00533895 /* NightKhanAcademy Extension.appex in Embed Foundation Extensions */ = {isa = PBXBuildFile; fileRef = 83AFE8F62DE7CE6A00533895 /* NightKhanAcademy Extension.appex */; settings = {ATTRIBUTES = (RemoveHeadersOnCopy, ); }; };
/* End PBXBuildFile section */

/* Begin PBXContainerItemProxy section */
		83AFE8E12DE7CE6A00533895 /* PBXContainerItemProxy */ = {
			isa = PBXContainerItemProxy;
			containerPortal = 83AFE8BC2DE7CE6A00533895 /* Project object */;
			proxyType = 1;
			remoteGlobalIDString = 83AFE8C32DE7CE6A00533895;
			remoteInfo = NightKhanAcademy;
		};
		83AFE8EB2DE7CE6A00533895 /* PBXContainerItemProxy */ = {
			isa = PBXContainerItemProxy;
			containerPortal = 83AFE8BC2DE7CE6A00533895 /* Project object */;
			proxyType = 1;
			remoteGlobalIDString = 83AFE8C32DE7CE6A00533895;
			remoteInfo = NightKhanAcademy;
		};
		83AFE8F82DE7CE6A00533895 /* PBXContainerItemProxy */ = {
			isa = PBXContainerItemProxy;
			containerPortal = 83AFE8BC2DE7CE6A00533895 /* Project object */;
			proxyType = 1;
			remoteGlobalIDString = 83AFE8F52DE7CE6A00533895;
			remoteInfo = "NightKhanAcademy Extension";
		};
/* End PBXContainerItemProxy section */

/* Begin PBXCopyFilesBuildPhase section */
		83AFE9162DE7CE6A00533895 /* Embed Foundation Extensions */ = {
			isa = PBXCopyFilesBuildPhase;
			buildActionMask = 2147483647;
			dstPath = "";
			dstSubfolderSpec = 13;
			files = (
				83AFE8F72DE7CE6A00533895 /* NightKhanAcademy Extension.appex in Embed Foundation Extensions */,
			);
			name = "Embed Foundation Extensions";
			runOnlyForDeploymentPostprocessing = 0;
		};
/* End PBXCopyFilesBuildPhase section */

/* Begin PBXFileReference section */
		83AFE8C42DE7CE6A00533895 /* NightKhanAcademy.app */ = {isa = PBXFileReference; explicitFileType = wrapper.application; includeInIndex = 0; path = NightKhanAcademy.app; sourceTree = BUILT_PRODUCTS_DIR; };
		83AFE8E02DE7CE6A00533895 /* NightKhanAcademyTests.xctest */ = {isa = PBXFileReference; explicitFileType = wrapper.cfbundle; includeInIndex = 0; path = NightKhanAcademyTests.xctest; sourceTree = BUILT_PRODUCTS_DIR; };
		83AFE8EA2DE7CE6A00533895 /* NightKhanAcademyUITests.xctest */ = {isa = PBXFileReference; explicitFileType = wrapper.cfbundle; includeInIndex = 0; path = NightKhanAcademyUITests.xctest; sourceTree = BUILT_PRODUCTS_DIR; };
		83AFE8F62DE7CE6A00533895 /* NightKhanAcademy Extension.appex */ = {isa = PBXFileReference; explicitFileType = "wrapper.app-extension"; includeInIndex = 0; path = "NightKhanAcademy Extension.appex"; sourceTree = BUILT_PRODUCTS_DIR; };
/* End PBXFileReference section */

/* Begin PBXFileSystemSynchronizedBuildFileExceptionSet section */
		83AFE9102DE7CE6A00533895 /* Exceptions for "NightKhanAcademy Extension" folder in "NightKhanAcademy Extension" target */ = {
			isa = PBXFileSystemSynchronizedBuildFileExceptionSet;
			membershipExceptions = (
				Info.plist,
			);
			target = 83AFE8F52DE7CE6A00533895 /* NightKhanAcademy Extension */;
		};
/* End PBXFileSystemSynchronizedBuildFileExceptionSet section */

/* Begin PBXFileSystemSynchronizedRootGroup section */
		83AFE8C62DE7CE6A00533895 /* NightKhanAcademy */ = {
			isa = PBXFileSystemSynchronizedRootGroup;
			path = NightKhanAcademy;
			sourceTree = "<group>";
		};
		83AFE8E32DE7CE6A00533895 /* NightKhanAcademyTests */ = {
			isa = PBXFileSystemSynchronizedRootGroup;
			path = NightKhanAcademyTests;
			sourceTree = "<group>";
		};
		83AFE8ED2DE7CE6A00533895 /* NightKhanAcademyUITests */ = {
			isa = PBXFileSystemSynchronizedRootGroup;
			path = NightKhanAcademyUITests;
			sourceTree = "<group>";
		};
		83AFE8FA2DE7CE6A00533895 /* NightKhanAcademy Extension */ = {
			isa = PBXFileSystemSynchronizedRootGroup;
			exceptions = (
				83AFE9102DE7CE6A00533895 /* Exceptions for "NightKhanAcademy Extension" folder in "NightKhanAcademy Extension" target */,
			);
			explicitFolders = (
				Resources/_locales,
				Resources/images,
			);
			path = "NightKhanAcademy Extension";
			sourceTree = "<group>";
		};
/* End PBXFileSystemSynchronizedRootGroup section */

/* Begin PBXFrameworksBuildPhase section */
		83AFE8C12DE7CE6A00533895 /* Frameworks */ = {
			isa = PBXFrameworksBuildPhase;
			buildActionMask = 2147483647;
			files = (
			);
			runOnlyForDeploymentPostprocessing = 0;
		};
		83AFE8DD2DE7CE6A00533895 /* Frameworks */ = {
			isa = PBXFrameworksBuildPhase;
			buildActionMask = 2147483647;
			files = (
			);
			runOnlyForDeploymentPostprocessing = 0;
		};
		83AFE8E72DE7CE6A00533895 /* Frameworks */ = {
			isa = PBXFrameworksBuildPhase;
			buildActionMask = 2147483647;
			files = (
			);
			runOnlyForDeploymentPostprocessing = 0;
		};
		83AFE8F32DE7CE6A00533895 /* Frameworks */ = {
			isa = PBXFrameworksBuildPhase;
			buildActionMask = 2147483647;
			files = (
			);
			runOnlyForDeploymentPostprocessing = 0;
		};
/* End PBXFrameworksBuildPhase section */

/* Begin PBXGroup section */
		83AFE8BB2DE7CE6A00533895 = {
			isa = PBXGroup;
			children = (
				83AFE8C62DE7CE6A00533895 /* NightKhanAcademy */,
				83AFE8E32DE7CE6A00533895 /* NightKhanAcademyTests */,
				83AFE8ED2DE7CE6A00533895 /* NightKhanAcademyUITests */,
				83AFE8FA2DE7CE6A00533895 /* NightKhanAcademy Extension */,
				83AFE8C52DE7CE6A00533895 /* Products */,
			);
			sourceTree = "<group>";
		};
		83AFE8C52DE7CE6A00533895 /* Products */ = {
			isa = PBXGroup;
			children = (
				83AFE8C42DE7CE6A00533895 /* NightKhanAcademy.app */,
				83AFE8E02DE7CE6A00533895 /* NightKhanAcademyTests.xctest */,
				83AFE8EA2DE7CE6A00533895 /* NightKhanAcademyUITests.xctest */,
				83AFE8F62DE7CE6A00533895 /* NightKhanAcademy Extension.appex */,
			);
			name = Products;
			sourceTree = "<group>";
		};
/* End PBXGroup section */

/* Begin PBXNativeTarget section */
		83AFE8C32DE7CE6A00533895 /* NightKhanAcademy */ = {
			isa = PBXNativeTarget;
			buildConfigurationList = 83AFE9172DE7CE6A00533895 /* Build configuration list for PBXNativeTarget "NightKhanAcademy" */;
			buildPhases = (
				83AFE8C02DE7CE6A00533895 /* Sources */,
				83AFE8C12DE7CE6A00533895 /* Frameworks */,
				83AFE8C22DE7CE6A00533895 /* Resources */,
				83AFE9162DE7CE6A00533895 /* Embed Foundation Extensions */,
			);
			buildRules = (
			);
			dependencies = (
				83AFE8F92DE7CE6A00533895 /* PBXTargetDependency */,
			);
			fileSystemSynchronizedGroups = (
				83AFE8C62DE7CE6A00533895 /* NightKhanAcademy */,
			);
			name = NightKhanAcademy;
			packageProductDependencies = (
			);
			productName = NightKhanAcademy;
			productReference = 83AFE8C42DE7CE6A00533895 /* NightKhanAcademy.app */;
			productType = "com.apple.product-type.application";
		};
		83AFE8DF2DE7CE6A00533895 /* NightKhanAcademyTests */ = {
			isa = PBXNativeTarget;
			buildConfigurationList = 83AFE91A2DE7CE6A00533895 /* Build configuration list for PBXNativeTarget "NightKhanAcademyTests" */;
			buildPhases = (
				83AFE8DC2DE7CE6A00533895 /* Sources */,
				83AFE8DD2DE7CE6A00533895 /* Frameworks */,
				83AFE8DE2DE7CE6A00533895 /* Resources */,
			);
			buildRules = (
			);
			dependencies = (
				83AFE8E22DE7CE6A00533895 /* PBXTargetDependency */,
			);
			fileSystemSynchronizedGroups = (
				83AFE8E32DE7CE6A00533895 /* NightKhanAcademyTests */,
			);
			name = NightKhanAcademyTests;
			packageProductDependencies = (
			);
			productName = NightKhanAcademyTests;
			productReference = 83AFE8E02DE7CE6A00533895 /* NightKhanAcademyTests.xctest */;
			productType = "com.apple.product-type.bundle.unit-test";
		};
		83AFE8E92DE7CE6A00533895 /* NightKhanAcademyUITests */ = {
			isa = PBXNativeTarget;
			buildConfigurationList = 83AFE91D2DE7CE6A00533895 /* Build configuration list for PBXNativeTarget "NightKhanAcademyUITests" */;
			buildPhases = (
				83AFE8E62DE7CE6A00533895 /* Sources */,
				83AFE8E72DE7CE6A00533895 /* Frameworks */,
				83AFE8E82DE7CE6A00533895 /* Resources */,
			);
			buildRules = (
			);
			dependencies = (
				83AFE8EC2DE7CE6A00533895 /* PBXTargetDependency */,
			);
			fileSystemSynchronizedGroups = (
				83AFE8ED2DE7CE6A00533895 /* NightKhanAcademyUITests */,
			);
			name = NightKhanAcademyUITests;
			packageProductDependencies = (
			);
			productName = NightKhanAcademyUITests;
			productReference = 83AFE8EA2DE7CE6A00533895 /* NightKhanAcademyUITests.xctest */;
			productType = "com.apple.product-type.bundle.ui-testing";
		};
		83AFE8F52DE7CE6A00533895 /* NightKhanAcademy Extension */ = {
			isa = PBXNativeTarget;
			buildConfigurationList = 83AFE9112DE7CE6A00533895 /* Build configuration list for PBXNativeTarget "NightKhanAcademy Extension" */;
			buildPhases = (
				83AFE8F22DE7CE6A00533895 /* Sources */,
				83AFE8F32DE7CE6A00533895 /* Frameworks */,
				83AFE8F42DE7CE6A00533895 /* Resources */,
			);
			buildRules = (
			);
			dependencies = (
			);
			fileSystemSynchronizedGroups = (
				83AFE8FA2DE7CE6A00533895 /* NightKhanAcademy Extension */,
			);
			name = "NightKhanAcademy Extension";
			packageProductDependencies = (
			);
			productName = "NightKhanAcademy Extension";
			productReference = 83AFE8F62DE7CE6A00533895 /* NightKhanAcademy Extension.appex */;
			productType = "com.apple.product-type.app-extension";
		};
/* End PBXNativeTarget section */

/* Begin PBXProject section */
		83AFE8BC2DE7CE6A00533895 /* Project object */ = {
			isa = PBXProject;
			attributes = {
				BuildIndependentTargetsInParallel = 1;
				LastSwiftUpdateCheck = 1640;
				LastUpgradeCheck = 1640;
				TargetAttributes = {
					83AFE8C32DE7CE6A00533895 = {
						CreatedOnToolsVersion = 16.4;
					};
					83AFE8DF2DE7CE6A00533895 = {
						CreatedOnToolsVersion = 16.4;
						TestTargetID = 83AFE8C32DE7CE6A00533895;
					};
					83AFE8E92DE7CE6A00533895 = {
						CreatedOnToolsVersion = 16.4;
						TestTargetID = 83AFE8C32DE7CE6A00533895;
					};
					83AFE8F52DE7CE6A00533895 = {
						CreatedOnToolsVersion = 16.4;
					};
				};
			};
			buildConfigurationList = 83AFE8BF2DE7CE6A00533895 /* Build configuration list for PBXProject "NightKhanAcademy" */;
			developmentRegion = en;
			hasScannedForEncodings = 0;
			knownRegions = (
				en,
				Base,
			);
			mainGroup = 83AFE8BB2DE7CE6A00533895;
			minimizedProjectReferenceProxies = 1;
			preferredProjectObjectVersion = 77;
			productRefGroup = 83AFE8C52DE7CE6A00533895 /* Products */;
			projectDirPath = "";
			projectRoot = "";
			targets = (
				83AFE8C32DE7CE6A00533895 /* NightKhanAcademy */,
				83AFE8DF2DE7CE6A00533895 /* NightKhanAcademyTests */,
				83AFE8E92DE7CE6A00533895 /* NightKhanAcademyUITests */,
				83AFE8F52DE7CE6A00533895 /* NightKhanAcademy Extension */,
			);
		};
/* End PBXProject section */

/* Begin PBXResourcesBuildPhase section */
		83AFE8C22DE7CE6A00533895 /* Resources */ = {
			isa = PBXResourcesBuildPhase;
			buildActionMask = 2147483647;
			files = (
			);
			runOnlyForDeploymentPostprocessing = 0;
		};
		83AFE8DE2DE7CE6A00533895 /* Resources */ = {
			isa = PBXResourcesBuildPhase;
			buildActionMask = 2147483647;
			files = (
			);
			runOnlyForDeploymentPostprocessing = 0;
		};
		83AFE8E82DE7CE6A00533895 /* Resources */ = {
			isa = PBXResourcesBuildPhase;
			buildActionMask = 2147483647;
			files = (
			);
			runOnlyForDeploymentPostprocessing = 0;
		};
		83AFE8F42DE7CE6A00533895 /* Resources */ = {
			isa = PBXResourcesBuildPhase;
			buildActionMask = 2147483647;
			files = (
			);
			runOnlyForDeploymentPostprocessing = 0;
		};
/* End PBXResourcesBuildPhase section */

/* Begin PBXSourcesBuildPhase section */
		83AFE8C02DE7CE6A00533895 /* Sources */ = {
			isa = PBXSourcesBuildPhase;
			buildActionMask = 2147483647;
			files = (
			);
			runOnlyForDeploymentPostprocessing = 0;
		};
		83AFE8DC2DE7CE6A00533895 /* Sources */ = {
			isa = PBXSourcesBuildPhase;
			buildActionMask = 2147483647;
			files = (
			);
			runOnlyForDeploymentPostprocessing = 0;
		};
		83AFE8E62DE7CE6A00533895 /* Sources */ = {
			isa = PBXSourcesBuildPhase;
			buildActionMask = 2147483647;
			files = (
			);
			runOnlyForDeploymentPostprocessing = 0;
		};
		83AFE8F22DE7CE6A00533895 /* Sources */ = {
			isa = PBXSourcesBuildPhase;
			buildActionMask = 2147483647;
			files = (
			);
			runOnlyForDeploymentPostprocessing = 0;
		};
/* End PBXSourcesBuildPhase section */

/* Begin PBXTargetDependency section */
		83AFE8E22DE7CE6A00533895 /* PBXTargetDependency */ = {
			isa = PBXTargetDependency;
			target = 83AFE8C32DE7CE6A00533895 /* NightKhanAcademy */;
			targetProxy = 83AFE8E12DE7CE6A00533895 /* PBXContainerItemProxy */;
		};
		83AFE8EC2DE7CE6A00533895 /* PBXTargetDependency */ = {
			isa = PBXTargetDependency;
			target = 83AFE8C32DE7CE6A00533895 /* NightKhanAcademy */;
			targetProxy = 83AFE8EB2DE7CE6A00533895 /* PBXContainerItemProxy */;
		};
		83AFE8F92DE7CE6A00533895 /* PBXTargetDependency */ = {
			isa = PBXTargetDependency;
			target = 83AFE8F52DE7CE6A00533895 /* NightKhanAcademy Extension */;
			targetProxy = 83AFE8F82DE7CE6A00533895 /* PBXContainerItemProxy */;
		};
/* End PBXTargetDependency section */

/* Begin XCBuildConfiguration section */
		83AFE9122DE7CE6A00533895 /* Debug */ = {
			isa = XCBuildConfiguration;
			buildSettings = {
				CODE_SIGN_ENTITLEMENTS = "NightKhanAcademy Extension/NightKhanAcademy_Extension.entitlements";
				CODE_SIGN_STYLE = Automatic;
				CURRENT_PROJECT_VERSION = 1;
				ENABLE_HARDENED_RUNTIME = YES;
				GENERATE_INFOPLIST_FILE = YES;
				INFOPLIST_FILE = "NightKhanAcademy Extension/Info.plist";
				INFOPLIST_KEY_CFBundleDisplayName = "NightKhanAcademy Extension";
				INFOPLIST_KEY_NSHumanReadableCopyright = "";
				LD_RUNPATH_SEARCH_PATHS = (
					"$(inherited)",
					"@executable_path/../Frameworks",
					"@executable_path/../../../../Frameworks",
				);
				MACOSX_DEPLOYMENT_TARGET = 10.14;
				MARKETING_VERSION = 1.0;
				OTHER_LDFLAGS = (
					"-framework",
					SafariServices,
				);
				PRODUCT_BUNDLE_IDENTIFIER = com.example.NightKhanAcademy.Extension;
				PRODUCT_NAME = "$(TARGET_NAME)";
				SKIP_INSTALL = YES;
				SWIFT_EMIT_LOC_STRINGS = YES;
				SWIFT_VERSION = 5.0;
			};
			name = Debug;
		};
		83AFE9132DE7CE6A00533895 /* Release */ = {
			isa = XCBuildConfiguration;
			buildSettings = {
				CODE_SIGN_ENTITLEMENTS = "NightKhanAcademy Extension/NightKhanAcademy_Extension.entitlements";
				CODE_SIGN_STYLE = Automatic;
				CURRENT_PROJECT_VERSION = 1;
				ENABLE_HARDENED_RUNTIME = YES;
				GENERATE_INFOPLIST_FILE = YES;
				INFOPLIST_FILE = "NightKhanAcademy Extension/Info.plist";
				INFOPLIST_KEY_CFBundleDisplayName = "NightKhanAcademy Extension";
				INFOPLIST_KEY_NSHumanReadableCopyright = "";
				LD_RUNPATH_SEARCH_PATHS = (
					"$(inherited)",
					"@executable_path/../Frameworks",
					"@executable_path/../../../../Frameworks",
				);
				MACOSX_DEPLOYMENT_TARGET = 10.14;
				MARKETING_VERSION = 1.0;
				OTHER_LDFLAGS = (
					"-framework",
					SafariServices,
				);
				PRODUCT_BUNDLE_IDENTIFIER = com.example.NightKhanAcademy.Extension;
				PRODUCT_NAME = "$(TARGET_NAME)";
				SKIP_INSTALL = YES;
				SWIFT_EMIT_LOC_STRINGS = YES;
				SWIFT_VERSION = 5.0;
			};
			name = Release;
		};
		83AFE9142DE7CE6A00533895 /* Debug */ = {
			isa = XCBuildConfiguration;
			buildSettings = {
				ALWAYS_SEARCH_USER_PATHS = NO;
				ASSETCATALOG_COMPILER_GENERATE_SWIFT_ASSET_SYMBOL_EXTENSIONS = YES;
				CLANG_ANALYZER_NONNULL = YES;
				CLANG_ANALYZER_NUMBER_OBJECT_CONVERSION = YES_AGGRESSIVE;
				CLANG_CXX_LANGUAGE_STANDARD = "gnu++20";
				CLANG_ENABLE_MODULES = YES;
				CLANG_ENABLE_OBJC_ARC = YES;
				CLANG_ENABLE_OBJC_WEAK = YES;
				CLANG_WARN_BLOCK_CAPTURE_AUTORELEASING = YES;
				CLANG_WARN_BOOL_CONVERSION = YES;
				CLANG_WARN_COMMA = YES;
				CLANG_WARN_CONSTANT_CONVERSION = YES;
				CLANG_WARN_DEPRECATED_OBJC_IMPLEMENTATIONS = YES;
				CLANG_WARN_DIRECT_OBJC_ISA_USAGE = YES_ERROR;
				CLANG_WARN_DOCUMENTATION_COMMENTS = YES;
				CLANG_WARN_EMPTY_BODY = YES;
				CLANG_WARN_ENUM_CONVERSION = YES;
				CLANG_WARN_INFINITE_RECURSION = YES;
				CLANG_WARN_INT_CONVERSION = YES;
				CLANG_WARN_NON_LITERAL_NULL_CONVERSION = YES;
				CLANG_WARN_OBJC_IMPLICIT_RETAIN_SELF = YES;
				CLANG_WARN_OBJC_LITERAL_CONVERSION = YES;
				CLANG_WARN_OBJC_ROOT_CLASS = YES_ERROR;
				CLANG_WARN_QUOTED_INCLUDE_IN_FRAMEWORK_HEADER = YES;
				CLANG_WARN_RANGE_LOOP_ANALYSIS = YES;
				CLANG_WARN_STRICT_PROTOTYPES = YES;
				CLANG_WARN_SUSPICIOUS_MOVE = YES;
				CLANG_WARN_UNGUARDED_AVAILABILITY = YES_AGGRESSIVE;
				CLANG_WARN_UNREACHABLE_CODE = YES;
				CLANG_WARN__DUPLICATE_METHOD_MATCH = YES;
				COPY_PHASE_STRIP = NO;
				DEBUG_INFORMATION_FORMAT = dwarf;
				ENABLE_STRICT_OBJC_MSGSEND = YES;
				ENABLE_TESTABILITY = YES;
				ENABLE_USER_SCRIPT_SANDBOXING = YES;
				GCC_C_LANGUAGE_STANDARD = gnu17;
				GCC_DYNAMIC_NO_PIC = NO;
				GCC_NO_COMMON_BLOCKS = YES;
				GCC_OPTIMIZATION_LEVEL = 0;
				GCC_PREPROCESSOR_DEFINITIONS = (
					"DEBUG=1",
					"$(inherited)",
				);
				GCC_WARN_64_TO_32_BIT_CONVERSION = YES;
				GCC_WARN_ABOUT_RETURN_TYPE = YES_ERROR;
				GCC_WARN_UNDECLARED_SELECTOR = YES;
				GCC_WARN_UNINITIALIZED_AUTOS = YES_AGGRESSIVE;
				GCC_WARN_UNUSED_FUNCTION = YES;
				GCC_WARN_UNUSED_VARIABLE = YES;
				LOCALIZATION_PREFERS_STRING_CATALOGS = YES;
				MACOSX_DEPLOYMENT_TARGET = 15.5;
				MTL_ENABLE_DEBUG_INFO = INCLUDE_SOURCE;
				MTL_FAST_MATH = YES;
				ONLY_ACTIVE_ARCH = YES;
				SDKROOT = macosx;
				SWIFT_ACTIVE_COMPILATION_CONDITIONS = "DEBUG $(inherited)";
				SWIFT_OPTIMIZATION_LEVEL = "-Onone";
			};
			name = Debug;
		};
		83AFE9152DE7CE6A00533895 /* Release */ = {
			isa = XCBuildConfiguration;
			buildSettings = {
				ALWAYS_SEARCH_USER_PATHS = NO;
				ASSETCATALOG_COMPILER_GENERATE_SWIFT_ASSET_SYMBOL_EXTENSIONS = YES;
				CLANG_ANALYZER_NONNULL = YES;
				CLANG_ANALYZER_NUMBER_OBJECT_CONVERSION = YES_AGGRESSIVE;
				CLANG_CXX_LANGUAGE_STANDARD = "gnu++20";
				CLANG_ENABLE_MODULES = YES;
				CLANG_ENABLE_OBJC_ARC = YES;
				CLANG_ENABLE_OBJC_WEAK = YES;
				CLANG_WARN_BLOCK_CAPTURE_AUTORELEASING = YES;
				CLANG_WARN_BOOL_CONVERSION = YES;
				CLANG_WARN_COMMA = YES;
				CLANG_WARN_CONSTANT_CONVERSION = YES;
				CLANG_WARN_DEPRECATED_OBJC_IMPLEMENTATIONS = YES;
				CLANG_WARN_DIRECT_OBJC_ISA_USAGE = YES_ERROR;
				CLANG_WARN_DOCUMENTATION_COMMENTS = YES;
				CLANG_WARN_EMPTY_BODY = YES;
				CLANG_WARN_ENUM_CONVERSION = YES;
				CLANG_WARN_INFINITE_RECURSION = YES;
				CLANG_WARN_INT_CONVERSION = YES;
				CLANG_WARN_NON_LITERAL_NULL_CONVERSION = YES;
				CLANG_WARN_OBJC_IMPLICIT_RETAIN_SELF = YES;
				CLANG_WARN_OBJC_LITERAL_CONVERSION = YES;
				CLANG_WARN_OBJC_ROOT_CLASS = YES_ERROR;
				CLANG_WARN_QUOTED_INCLUDE_IN_FRAMEWORK_HEADER = YES;
				CLANG_WARN_RANGE_LOOP_ANALYSIS = YES;
				CLANG_WARN_STRICT_PROTOTYPES = YES;
				CLANG_WARN_SUSPICIOUS_MOVE = YES;
				CLANG_WARN_UNGUARDED_AVAILABILITY = YES_AGGRESSIVE;
				CLANG_WARN_UNREACHABLE_CODE = YES;
				CLANG_WARN__DUPLICATE_METHOD_MATCH = YES;
				COPY_PHASE_STRIP = NO;
				DEBUG_INFORMATION_FORMAT = "dwarf-with-dsym";
				ENABLE_NS_ASSERTIONS = NO;
				ENABLE_STRICT_OBJC_MSGSEND = YES;
				ENABLE_USER_SCRIPT_SANDBOXING = YES;
				GCC_C_LANGUAGE_STANDARD = gnu17;
				GCC_NO_COMMON_BLOCKS = YES;
				GCC_WARN_64_TO_32_BIT_CONVERSION = YES;
				GCC_WARN_ABOUT_RETURN_TYPE = YES_ERROR;
				GCC_WARN_UNDECLARED_SELECTOR = YES;
				GCC_WARN_UNINITIALIZED_AUTOS = YES_AGGRESSIVE;
				GCC_WARN_UNUSED_FUNCTION = YES;
				GCC_WARN_UNUSED_VARIABLE = YES;
				LOCALIZATION_PREFERS_STRING_CATALOGS = YES;
				MACOSX_DEPLOYMENT_TARGET = 15.5;
				MTL_ENABLE_DEBUG_INFO = NO;
				MTL_FAST_MATH = YES;
				SDKROOT = macosx;
				SWIFT_COMPILATION_MODE = wholemodule;
			};
			name = Release;
		};
		83AFE9182DE7CE6A00533895 /* Debug */ = {
			isa = XCBuildConfiguration;
			buildSettings = {
				ASSETCATALOG_COMPILER_APPICON_NAME = AppIcon;
				ASSETCATALOG_COMPILER_GLOBAL_ACCENT_COLOR_NAME = AccentColor;
				CODE_SIGN_ENTITLEMENTS = NightKhanAcademy/NightKhanAcademy.entitlements;
				CODE_SIGN_STYLE = Automatic;
				COMBINE_HIDPI_IMAGES = YES;
				CURRENT_PROJECT_VERSION = 1;
				ENABLE_HARDENED_RUNTIME = YES;
				GENERATE_INFOPLIST_FILE = YES;
				INFOPLIST_KEY_CFBundleDisplayName = NightKhanAcademy;
				INFOPLIST_KEY_NSHumanReadableCopyright = "";
				INFOPLIST_KEY_NSMainStoryboardFile = Main;
				INFOPLIST_KEY_NSPrincipalClass = NSApplication;
				LD_RUNPATH_SEARCH_PATHS = (
					"$(inherited)",
					"@executable_path/../Frameworks",
				);
				MACOSX_DEPLOYMENT_TARGET = 10.14;
				MARKETING_VERSION = 1.0;
				OTHER_LDFLAGS = (
					"-framework",
					SafariServices,
					"-framework",
					WebKit,
				);
				PRODUCT_BUNDLE_IDENTIFIER = com.example.NightKhanAcademy;
				PRODUCT_NAME = "$(TARGET_NAME)";
				REGISTER_APP_GROUPS = YES;
				SWIFT_EMIT_LOC_STRINGS = YES;
				SWIFT_VERSION = 5.0;
			};
			name = Debug;
		};
		83AFE9192DE7CE6A00533895 /* Release */ = {
			isa = XCBuildConfiguration;
			buildSettings = {
				ASSETCATALOG_COMPILER_APPICON_NAME = AppIcon;
				ASSETCATALOG_COMPILER_GLOBAL_ACCENT_COLOR_NAME = AccentColor;
				CODE_SIGN_ENTITLEMENTS = NightKhanAcademy/NightKhanAcademy.entitlements;
				CODE_SIGN_STYLE = Automatic;
				COMBINE_HIDPI_IMAGES = YES;
				CURRENT_PROJECT_VERSION = 1;
				ENABLE_HARDENED_RUNTIME = YES;
				GENERATE_INFOPLIST_FILE = YES;
				INFOPLIST_KEY_CFBundleDisplayName = NightKhanAcademy;
				INFOPLIST_KEY_NSHumanReadableCopyright = "";
				INFOPLIST_KEY_NSMainStoryboardFile = Main;
				INFOPLIST_KEY_NSPrincipalClass = NSApplication;
				LD_RUNPATH_SEARCH_PATHS = (
					"$(inherited)",
					"@executable_path/../Frameworks",
				);
				MACOSX_DEPLOYMENT_TARGET = 10.14;
				MARKETING_VERSION = 1.0;
				OTHER_LDFLAGS = (
					"-framework",
					SafariServices,
					"-framework",
					WebKit,
				);
				PRODUCT_BUNDLE_IDENTIFIER = com.example.NightKhanAcademy;
				PRODUCT_NAME = "$(TARGET_NAME)";
				REGISTER_APP_GROUPS = YES;
				SWIFT_EMIT_LOC_STRINGS = YES;
				SWIFT_VERSION = 5.0;
			};
			name = Release;
		};
		83AFE91B2DE7CE6A00533895 /* Debug */ = {
			isa = XCBuildConfiguration;
			buildSettings = {
				BUNDLE_LOADER = "$(TEST_HOST)";
				CODE_SIGN_STYLE = Automatic;
				CURRENT_PROJECT_VERSION = 1;
				GENERATE_INFOPLIST_FILE = YES;
				MACOSX_DEPLOYMENT_TARGET = 10.14;
				MARKETING_VERSION = 1.0;
				PRODUCT_BUNDLE_IDENTIFIER = com.example.NightKhanAcademyTests;
				PRODUCT_NAME = "$(TARGET_NAME)";
				SWIFT_EMIT_LOC_STRINGS = NO;
				SWIFT_VERSION = 5.0;
				TEST_HOST = "$(BUILT_PRODUCTS_DIR)/NightKhanAcademy.app/$(BUNDLE_EXECUTABLE_FOLDER_PATH)/NightKhanAcademy";
			};
			name = Debug;
		};
		83AFE91C2DE7CE6A00533895 /* Release */ = {
			isa = XCBuildConfiguration;
			buildSettings = {
				BUNDLE_LOADER = "$(TEST_HOST)";
				CODE_SIGN_STYLE = Automatic;
				CURRENT_PROJECT_VERSION = 1;
				GENERATE_INFOPLIST_FILE = YES;
				MACOSX_DEPLOYMENT_TARGET = 10.14;
				MARKETING_VERSION = 1.0;
				PRODUCT_BUNDLE_IDENTIFIER = com.example.NightKhanAcademyTests;
				PRODUCT_NAME = "$(TARGET_NAME)";
				SWIFT_EMIT_LOC_STRINGS = NO;
				SWIFT_VERSION = 5.0;
				TEST_HOST = "$(BUILT_PRODUCTS_DIR)/NightKhanAcademy.app/$(BUNDLE_EXECUTABLE_FOLDER_PATH)/NightKhanAcademy";
			};
			name = Release;
		};
		83AFE91E2DE7CE6A00533895 /* Debug */ = {
			isa = XCBuildConfiguration;
			buildSettings = {
				CODE_SIGN_STYLE = Automatic;
				CURRENT_PROJECT_VERSION = 1;
				GENERATE_INFOPLIST_FILE = YES;
				MARKETING_VERSION = 1.0;
				PRODUCT_BUNDLE_IDENTIFIER = com.example.NightKhanAcademyUITests;
				PRODUCT_NAME = "$(TARGET_NAME)";
				SWIFT_EMIT_LOC_STRINGS = NO;
				SWIFT_VERSION = 5.0;
				TEST_TARGET_NAME = NightKhanAcademy;
			};
			name = Debug;
		};
		83AFE91F2DE7CE6A00533895 /* Release */ = {
			isa = XCBuildConfiguration;
			buildSettings = {
				CODE_SIGN_STYLE = Automatic;
				CURRENT_PROJECT_VERSION = 1;
				GENERATE_INFOPLIST_FILE = YES;
				MARKETING_VERSION = 1.0;
				PRODUCT_BUNDLE_IDENTIFIER = com.example.NightKhanAcademyUITests;
				PRODUCT_NAME = "$(TARGET_NAME)";
				SWIFT_EMIT_LOC_STRINGS = NO;
				SWIFT_VERSION = 5.0;
				TEST_TARGET_NAME = NightKhanAcademy;
			};
			name = Release;
		};
/* End XCBuildConfiguration section */

/* Begin XCConfigurationList section */
		83AFE8BF2DE7CE6A00533895 /* Build configuration list for PBXProject "NightKhanAcademy" */ = {
			isa = XCConfigurationList;
			buildConfigurations = (
				83AFE9142DE7CE6A00533895 /* Debug */,
				83AFE9152DE7CE6A00533895 /* Release */,
			);
			defaultConfigurationIsVisible = 0;
			defaultConfigurationName = Release;
		};
		83AFE9112DE7CE6A00533895 /* Build configuration list for PBXNativeTarget "NightKhanAcademy Extension" */ = {
			isa = XCConfigurationList;
			buildConfigurations = (
				83AFE9122DE7CE6A00533895 /* Debug */,
				83AFE9132DE7CE6A00533895 /* Release */,
			);
			defaultConfigurationIsVisible = 0;
			defaultConfigurationName = Release;
		};
		83AFE9172DE7CE6A00533895 /* Build configuration list for PBXNativeTarget "NightKhanAcademy" */ = {
			isa = XCConfigurationList;
			buildConfigurations = (
				83AFE9182DE7CE6A00533895 /* Debug */,
				83AFE9192DE7CE6A00533895 /* Release */,
			);
			defaultConfigurationIsVisible = 0;
			defaultConfigurationName = Release;
		};
		83AFE91A2DE7CE6A00533895 /* Build configuration list for PBXNativeTarget "NightKhanAcademyTests" */ = {
			isa = XCConfigurationList;
			buildConfigurations = (
				83AFE91B2DE7CE6A00533895 /* Debug */,
				83AFE91C2DE7CE6A00533895 /* Release */,
			);
			defaultConfigurationIsVisible = 0;
			defaultConfigurationName = Release;
		};
		83AFE91D2DE7CE6A00533895 /* Build configuration list for PBXNativeTarget "NightKhanAcademyUITests" */ = {
			isa = XCConfigurationList;
			buildConfigurations = (
				83AFE91E2DE7CE6A00533895 /* Debug */,
				83AFE91F2DE7CE6A00533895 /* Release */,
			);
			defaultConfigurationIsVisible = 0;
			defaultConfigurationName = Release;
		};
/* End XCConfigurationList section */
	};
	rootObject = 83AFE8BC2DE7CE6A00533895 /* Project object */;
}
